
Microsoft Visual Studio Solution File, Format Version 10.00
# Visual Studio 2008
Project("{FAE04EC0-301F-11D3-BF4B-00C04F79EFBC}") = "libdb", "libdb\libdb.csproj", "{7451A450-CABA-4BA5-B4B4-7882C9BD88FE}"
EndProject
Project("{FAE04EC0-301F-11D3-BF4B-00C04F79EFBC}") = "UI", "MusicLib\UI.csproj", "{1A232A36-0226-4C1A-B322-09FE975682A4}"
	ProjectSection(ProjectDependencies) = postProject
		{643D0F4A-B438-4D60-9C1C-7D1ADF148991} = {643D0F4A-B438-4D60-9C1C-7D1ADF148991}
		{7451A450-CABA-4BA5-B4B4-7882C9BD88FE} = {7451A450-CABA-4BA5-B4B4-7882C9BD88FE}
	EndProjectSection
EndProject
Project("{FAE04EC0-301F-11D3-BF4B-00C04F79EFBC}") = "AutoCompleteTextBox", "Femiani.Forms.UI\AutoCompleteTextBox.csproj", "{77FB2ED1-B6BE-4425-8B29-51E8565E84EC}"
EndProject
Project("{FAE04EC0-301F-11D3-BF4B-00C04F79EFBC}") = "TestApp", "TestApp\TestApp.csproj", "{643D0F4A-B438-4D60-9C1C-7D1ADF148991}"
	ProjectSection(ProjectDependencies) = postProject
		{7451A450-CABA-4BA5-B4B4-7882C9BD88FE} = {7451A450-CABA-4BA5-B4B4-7882C9BD88FE}
	EndProjectSection
EndProject
Project("{FAE04EC0-301F-11D3-BF4B-00C04F79EFBC}") = "SQLiteClient", "SQLiteClient\SQLiteClient.csproj", "{083E6420-B582-436A-BC9D-CE6749477987}"
EndProject
Project("{FAE04EC0-301F-11D3-BF4B-00C04F79EFBC}") = "PropertyGridEx", "PropertyGridEx\PropertyGridEx.csproj", "{B0BB47F2-21C4-41FC-B6E6-40757ADFC4A1}"
EndProject
Global
	GlobalSection(SolutionConfigurationPlatforms) = preSolution
		Debug|Any CPU = Debug|Any CPU
		Release|Any CPU = Release|Any CPU
	EndGlobalSection
	GlobalSection(ProjectConfigurationPlatforms) = postSolution
		{7451A450-CABA-4BA5-B4B4-7882C9BD88FE}.Debug|Any CPU.ActiveCfg = Debug|Any CPU
		{7451A450-CABA-4BA5-B4B4-7882C9BD88FE}.Debug|Any CPU.Build.0 = Debug|Any CPU
		{7451A450-CABA-4BA5-B4B4-7882C9BD88FE}.Release|Any CPU.ActiveCfg = Release|Any CPU
		{7451A450-CABA-4BA5-B4B4-7882C9BD88FE}.Release|Any CPU.Build.0 = Release|Any CPU
		{1A232A36-0226-4C1A-B322-09FE975682A4}.Debug|Any CPU.ActiveCfg = Debug|Any CPU
		{1A232A36-0226-4C1A-B322-09FE975682A4}.Debug|Any CPU.Build.0 = Debug|Any CPU
		{1A232A36-0226-4C1A-B322-09FE975682A4}.Release|Any CPU.ActiveCfg = Release|Any CPU
		{1A232A36-0226-4C1A-B322-09FE975682A4}.Release|Any CPU.Build.0 = Release|Any CPU
		{77FB2ED1-B6BE-4425-8B29-51E8565E84EC}.Debug|Any CPU.ActiveCfg = Debug|Any CPU
		{77FB2ED1-B6BE-4425-8B29-51E8565E84EC}.Debug|Any CPU.Build.0 = Debug|Any CPU
		{77FB2ED1-B6BE-4425-8B29-51E8565E84EC}.Release|Any CPU.ActiveCfg = Release|Any CPU
		{77FB2ED1-B6BE-4425-8B29-51E8565E84EC}.Release|Any CPU.Build.0 = Release|Any CPU
		{643D0F4A-B438-4D60-9C1C-7D1ADF148991}.Debug|Any CPU.ActiveCfg = Debug|Any CPU
		{643D0F4A-B438-4D60-9C1C-7D1ADF148991}.Debug|Any CPU.Build.0 = Debug|Any CPU
		{643D0F4A-B438-4D60-9C1C-7D1ADF148991}.Release|Any CPU.ActiveCfg = Release|Any CPU
		{643D0F4A-B438-4D60-9C1C-7D1ADF148991}.Release|Any CPU.Build.0 = Release|Any CPU
		{083E6420-B582-436A-BC9D-CE6749477987}.Debug|Any CPU.ActiveCfg = Debug|Any CPU
		{083E6420-B582-436A-BC9D-CE6749477987}.Debug|Any CPU.Build.0 = Debug|Any CPU
		{083E6420-B582-436A-BC9D-CE6749477987}.Release|Any CPU.ActiveCfg = Release|Any CPU
		{083E6420-B582-436A-BC9D-CE6749477987}.Release|Any CPU.Build.0 = Release|Any CPU
		{B0BB47F2-21C4-41FC-B6E6-40757ADFC4A1}.Debug|Any CPU.ActiveCfg = Debug|Any CPU
		{B0BB47F2-21C4-41FC-B6E6-40757ADFC4A1}.Debug|Any CPU.Build.0 = Debug|Any CPU
		{B0BB47F2-21C4-41FC-B6E6-40757ADFC4A1}.Release|Any CPU.ActiveCfg = Release|Any CPU
		{B0BB47F2-21C4-41FC-B6E6-40757ADFC4A1}.Release|Any CPU.Build.0 = Release|Any CPU
	EndGlobalSection
	GlobalSection(SolutionProperties) = preSolution
		HideSolutionNode = FALSE
	EndGlobalSection
EndGlobal
